
Microsoft Visual Studio Solution File, Format Version 12.00
# Visual Studio 2012
Project("{FAE04EC0-301F-11D3-BF4B-00C04F79EFBC}") = "Solitude", "Solitude.csproj", "{BA5647A5-63DB-49F2-B0EC-112A80FB03D6}"
EndProject
Project("{FAE04EC0-301F-11D3-BF4B-00C04F79EFBC}") = "Solitude.Tests", "Solitude.Test\Solitude.Tests.csproj", "{B84E19D2-C1B4-4AB8-9C77-A51FAD0262FD}"
EndProject
Global
	GlobalSection(SolutionConfigurationPlatforms) = preSolution
		Debug|Any CPU = Debug|Any CPU
		ExportDebug|Any CPU = ExportDebug|Any CPU
		ExportRelease|Any CPU = ExportRelease|Any CPU
	EndGlobalSection
	GlobalSection(ProjectConfigurationPlatforms) = postSolution
		{BA5647A5-63DB-49F2-B0EC-112A80FB03D6}.Debug|Any CPU.ActiveCfg = Debug|Any CPU
		{BA5647A5-63DB-49F2-B0EC-112A80FB03D6}.Debug|Any CPU.Build.0 = Debug|Any CPU
		{BA5647A5-63DB-49F2-B0EC-112A80FB03D6}.ExportDebug|Any CPU.ActiveCfg = ExportDebug|Any CPU
		{BA5647A5-63DB-49F2-B0EC-112A80FB03D6}.ExportDebug|Any CPU.Build.0 = ExportDebug|Any CPU
		{BA5647A5-63DB-49F2-B0EC-112A80FB03D6}.ExportRelease|Any CPU.ActiveCfg = ExportRelease|Any CPU
		{BA5647A5-63DB-49F2-B0EC-112A80FB03D6}.ExportRelease|Any CPU.Build.0 = ExportRelease|Any CPU
		{B84E19D2-C1B4-4AB8-9C77-A51FAD0262FD}.Debug|Any CPU.ActiveCfg = Debug|Any CPU
		{B84E19D2-C1B4-4AB8-9C77-A51FAD0262FD}.Debug|Any CPU.Build.0 = Debug|Any CPU
		{B84E19D2-C1B4-4AB8-9C77-A51FAD0262FD}.ExportDebug|Any CPU.ActiveCfg = Debug|Any CPU
		{B84E19D2-C1B4-4AB8-9C77-A51FAD0262FD}.ExportDebug|Any CPU.Build.0 = Debug|Any CPU
		{B84E19D2-C1B4-4AB8-9C77-A51FAD0262FD}.ExportRelease|Any CPU.ActiveCfg = Release|Any CPU
		{B84E19D2-C1B4-4AB8-9C77-A51FAD0262FD}.ExportRelease|Any CPU.Build.0 = Release|Any CPU
	EndGlobalSection
	GlobalSection(SolutionProperties) = preSolution
		HideSolutionNode = FALSE
	EndGlobalSection
EndGlobal
