
Microsoft Visual Studio Solution File, Format Version 12.00
# Visual Studio 2012
Project("{FAE04EC0-301F-11D3-BF4B-00C04F79EFBC}") = "Solitude.Core", "Solitude.Core\Solitude.Core.csproj", "{6B2754B5-7734-4583-8429-20757B2136E6}"
EndProject
Project("{FAE04EC0-301F-11D3-BF4B-00C04F79EFBC}") = "Solitude.Godot", "Solitude.Godot\Solitude.Godot.csproj", "{ACBAA5BA-BDF5-46D3-B0A2-71234B07EAF8}"
EndProject
Project("{FAE04EC0-301F-11D3-BF4B-00C04F79EFBC}") = "Solitude.Core.Test", "Solitude.Core.Test\Solitude.Core.Test.csproj", "{9180D68F-499E-4339-B9D4-7C27E1588831}"
EndProject
Global
	GlobalSection(SolutionConfigurationPlatforms) = preSolution
		Debug|Any CPU = Debug|Any CPU
		Debug|x64 = Debug|x64
		Debug|x86 = Debug|x86
		ExportDebug|Any CPU = ExportDebug|Any CPU
		ExportDebug|x64 = ExportDebug|x64
		ExportDebug|x86 = ExportDebug|x86
		ExportRelease|Any CPU = ExportRelease|Any CPU
		ExportRelease|x64 = ExportRelease|x64
		ExportRelease|x86 = ExportRelease|x86
		Release|Any CPU = Release|Any CPU
		Release|x64 = Release|x64
		Release|x86 = Release|x86
	EndGlobalSection
	GlobalSection(ProjectConfigurationPlatforms) = postSolution
		{6B2754B5-7734-4583-8429-20757B2136E6}.Debug|Any CPU.ActiveCfg = Debug|Any CPU
		{6B2754B5-7734-4583-8429-20757B2136E6}.Debug|Any CPU.Build.0 = Debug|Any CPU
		{6B2754B5-7734-4583-8429-20757B2136E6}.Debug|x64.ActiveCfg = Debug|Any CPU
		{6B2754B5-7734-4583-8429-20757B2136E6}.Debug|x64.Build.0 = Debug|Any CPU
		{6B2754B5-7734-4583-8429-20757B2136E6}.Debug|x86.ActiveCfg = Debug|Any CPU
		{6B2754B5-7734-4583-8429-20757B2136E6}.Debug|x86.Build.0 = Debug|Any CPU
		{6B2754B5-7734-4583-8429-20757B2136E6}.ExportDebug|Any CPU.ActiveCfg = Debug|Any CPU
		{6B2754B5-7734-4583-8429-20757B2136E6}.ExportDebug|Any CPU.Build.0 = Debug|Any CPU
		{6B2754B5-7734-4583-8429-20757B2136E6}.ExportDebug|x64.ActiveCfg = Debug|Any CPU
		{6B2754B5-7734-4583-8429-20757B2136E6}.ExportDebug|x64.Build.0 = Debug|Any CPU
		{6B2754B5-7734-4583-8429-20757B2136E6}.ExportDebug|x86.ActiveCfg = Debug|Any CPU
		{6B2754B5-7734-4583-8429-20757B2136E6}.ExportDebug|x86.Build.0 = Debug|Any CPU
		{6B2754B5-7734-4583-8429-20757B2136E6}.ExportRelease|Any CPU.ActiveCfg = Debug|Any CPU
		{6B2754B5-7734-4583-8429-20757B2136E6}.ExportRelease|Any CPU.Build.0 = Debug|Any CPU
		{6B2754B5-7734-4583-8429-20757B2136E6}.ExportRelease|x64.ActiveCfg = Debug|Any CPU
		{6B2754B5-7734-4583-8429-20757B2136E6}.ExportRelease|x64.Build.0 = Debug|Any CPU
		{6B2754B5-7734-4583-8429-20757B2136E6}.ExportRelease|x86.ActiveCfg = Debug|Any CPU
		{6B2754B5-7734-4583-8429-20757B2136E6}.ExportRelease|x86.Build.0 = Debug|Any CPU
		{6B2754B5-7734-4583-8429-20757B2136E6}.Release|Any CPU.ActiveCfg = Release|Any CPU
		{6B2754B5-7734-4583-8429-20757B2136E6}.Release|Any CPU.Build.0 = Release|Any CPU
		{6B2754B5-7734-4583-8429-20757B2136E6}.Release|x64.ActiveCfg = Release|Any CPU
		{6B2754B5-7734-4583-8429-20757B2136E6}.Release|x64.Build.0 = Release|Any CPU
		{6B2754B5-7734-4583-8429-20757B2136E6}.Release|x86.ActiveCfg = Release|Any CPU
		{6B2754B5-7734-4583-8429-20757B2136E6}.Release|x86.Build.0 = Release|Any CPU
		{ACBAA5BA-BDF5-46D3-B0A2-71234B07EAF8}.Debug|Any CPU.ActiveCfg = Debug|Any CPU
		{ACBAA5BA-BDF5-46D3-B0A2-71234B07EAF8}.Debug|Any CPU.Build.0 = Debug|Any CPU
		{ACBAA5BA-BDF5-46D3-B0A2-71234B07EAF8}.Debug|x64.ActiveCfg = Debug|Any CPU
		{ACBAA5BA-BDF5-46D3-B0A2-71234B07EAF8}.Debug|x64.Build.0 = Debug|Any CPU
		{ACBAA5BA-BDF5-46D3-B0A2-71234B07EAF8}.Debug|x86.ActiveCfg = Debug|Any CPU
		{ACBAA5BA-BDF5-46D3-B0A2-71234B07EAF8}.Debug|x86.Build.0 = Debug|Any CPU
		{ACBAA5BA-BDF5-46D3-B0A2-71234B07EAF8}.ExportDebug|Any CPU.ActiveCfg = ExportDebug|Any CPU
		{ACBAA5BA-BDF5-46D3-B0A2-71234B07EAF8}.ExportDebug|Any CPU.Build.0 = ExportDebug|Any CPU
		{ACBAA5BA-BDF5-46D3-B0A2-71234B07EAF8}.ExportDebug|x64.ActiveCfg = ExportDebug|Any CPU
		{ACBAA5BA-BDF5-46D3-B0A2-71234B07EAF8}.ExportDebug|x64.Build.0 = ExportDebug|Any CPU
		{ACBAA5BA-BDF5-46D3-B0A2-71234B07EAF8}.ExportDebug|x86.ActiveCfg = ExportDebug|Any CPU
		{ACBAA5BA-BDF5-46D3-B0A2-71234B07EAF8}.ExportDebug|x86.Build.0 = ExportDebug|Any CPU
		{ACBAA5BA-BDF5-46D3-B0A2-71234B07EAF8}.ExportRelease|Any CPU.ActiveCfg = ExportRelease|Any CPU
		{ACBAA5BA-BDF5-46D3-B0A2-71234B07EAF8}.ExportRelease|Any CPU.Build.0 = ExportRelease|Any CPU
		{ACBAA5BA-BDF5-46D3-B0A2-71234B07EAF8}.ExportRelease|x64.ActiveCfg = ExportRelease|Any CPU
		{ACBAA5BA-BDF5-46D3-B0A2-71234B07EAF8}.ExportRelease|x64.Build.0 = ExportRelease|Any CPU
		{ACBAA5BA-BDF5-46D3-B0A2-71234B07EAF8}.ExportRelease|x86.ActiveCfg = ExportRelease|Any CPU
		{ACBAA5BA-BDF5-46D3-B0A2-71234B07EAF8}.ExportRelease|x86.Build.0 = ExportRelease|Any CPU
		{ACBAA5BA-BDF5-46D3-B0A2-71234B07EAF8}.Release|Any CPU.ActiveCfg = Debug|Any CPU
		{ACBAA5BA-BDF5-46D3-B0A2-71234B07EAF8}.Release|Any CPU.Build.0 = Debug|Any CPU
		{ACBAA5BA-BDF5-46D3-B0A2-71234B07EAF8}.Release|x64.ActiveCfg = Debug|Any CPU
		{ACBAA5BA-BDF5-46D3-B0A2-71234B07EAF8}.Release|x64.Build.0 = Debug|Any CPU
		{ACBAA5BA-BDF5-46D3-B0A2-71234B07EAF8}.Release|x86.ActiveCfg = Debug|Any CPU
		{ACBAA5BA-BDF5-46D3-B0A2-71234B07EAF8}.Release|x86.Build.0 = Debug|Any CPU
		{9180D68F-499E-4339-B9D4-7C27E1588831}.Debug|Any CPU.ActiveCfg = Debug|Any CPU
		{9180D68F-499E-4339-B9D4-7C27E1588831}.Debug|Any CPU.Build.0 = Debug|Any CPU
		{9180D68F-499E-4339-B9D4-7C27E1588831}.Debug|x64.ActiveCfg = Debug|Any CPU
		{9180D68F-499E-4339-B9D4-7C27E1588831}.Debug|x64.Build.0 = Debug|Any CPU
		{9180D68F-499E-4339-B9D4-7C27E1588831}.Debug|x86.ActiveCfg = Debug|Any CPU
		{9180D68F-499E-4339-B9D4-7C27E1588831}.Debug|x86.Build.0 = Debug|Any CPU
		{9180D68F-499E-4339-B9D4-7C27E1588831}.ExportDebug|Any CPU.ActiveCfg = Debug|Any CPU
		{9180D68F-499E-4339-B9D4-7C27E1588831}.ExportDebug|Any CPU.Build.0 = Debug|Any CPU
		{9180D68F-499E-4339-B9D4-7C27E1588831}.ExportDebug|x64.ActiveCfg = Debug|Any CPU
		{9180D68F-499E-4339-B9D4-7C27E1588831}.ExportDebug|x64.Build.0 = Debug|Any CPU
		{9180D68F-499E-4339-B9D4-7C27E1588831}.ExportDebug|x86.ActiveCfg = Debug|Any CPU
		{9180D68F-499E-4339-B9D4-7C27E1588831}.ExportDebug|x86.Build.0 = Debug|Any CPU
		{9180D68F-499E-4339-B9D4-7C27E1588831}.ExportRelease|Any CPU.ActiveCfg = Debug|Any CPU
		{9180D68F-499E-4339-B9D4-7C27E1588831}.ExportRelease|Any CPU.Build.0 = Debug|Any CPU
		{9180D68F-499E-4339-B9D4-7C27E1588831}.ExportRelease|x64.ActiveCfg = Debug|Any CPU
		{9180D68F-499E-4339-B9D4-7C27E1588831}.ExportRelease|x64.Build.0 = Debug|Any CPU
		{9180D68F-499E-4339-B9D4-7C27E1588831}.ExportRelease|x86.ActiveCfg = Debug|Any CPU
		{9180D68F-499E-4339-B9D4-7C27E1588831}.ExportRelease|x86.Build.0 = Debug|Any CPU
		{9180D68F-499E-4339-B9D4-7C27E1588831}.Release|Any CPU.ActiveCfg = Release|Any CPU
		{9180D68F-499E-4339-B9D4-7C27E1588831}.Release|Any CPU.Build.0 = Release|Any CPU
		{9180D68F-499E-4339-B9D4-7C27E1588831}.Release|x64.ActiveCfg = Release|Any CPU
		{9180D68F-499E-4339-B9D4-7C27E1588831}.Release|x64.Build.0 = Release|Any CPU
		{9180D68F-499E-4339-B9D4-7C27E1588831}.Release|x86.ActiveCfg = Release|Any CPU
		{9180D68F-499E-4339-B9D4-7C27E1588831}.Release|x86.Build.0 = Release|Any CPU
	EndGlobalSection
	GlobalSection(SolutionProperties) = preSolution
		HideSolutionNode = FALSE
	EndGlobalSection
EndGlobal
